
Microsoft Visual Studio Solution File, Format Version 12.00
# Visual Studio Version 17
VisualStudioVersion = 17.3.32929.385
MinimumVisualStudioVersion = 10.0.40219.1
Project("{FAE04EC0-301F-11D3-BF4B-00C04F79EFBC}") = "рпм", "рпм\рпм.csproj", "{74903963-3D58-4AE6-AF41-9133A85ED44B}"
EndProject
Global
	GlobalSection(SolutionConfigurationPlatforms) = preSolution
		Debug|Any CPU = Debug|Any CPU
		Release|Any CPU = Release|Any CPU
	EndGlobalSection
	GlobalSection(ProjectConfigurationPlatforms) = postSolution
		{74903963-3D58-4AE6-AF41-9133A85ED44B}.Debug|Any CPU.ActiveCfg = Debug|Any CPU
		{74903963-3D58-4AE6-AF41-9133A85ED44B}.Debug|Any CPU.Build.0 = Debug|Any CPU
		{74903963-3D58-4AE6-AF41-9133A85ED44B}.Release|Any CPU.ActiveCfg = Release|Any CPU
		{74903963-3D58-4AE6-AF41-9133A85ED44B}.Release|Any CPU.Build.0 = Release|Any CPU
	EndGlobalSection
	GlobalSection(SolutionProperties) = preSolution
		HideSolutionNode = FALSE
	EndGlobalSection
	GlobalSection(ExtensibilityGlobals) = postSolution
		SolutionGuid = {9B32EA6E-BEC8-4580-AC29-E8E21A7FBECD}
	EndGlobalSection
EndGlobal
